
Microsoft Visual Studio Solution File, Format Version 12.00
# Visual Studio Version 17
VisualStudioVersion = 17.5.33627.172
MinimumVisualStudioVersion = 10.0.40219.1
Project("{FAE04EC0-301F-11D3-BF4B-00C04F79EFBC}") = "WpfAppMvvm", "WpfAppMvvm.csproj", "{641FD652-66C8-45C9-BF13-581F29BE577E}"
EndProject
Global
	GlobalSection(SolutionConfigurationPlatforms) = preSolution
		Debug|Any CPU = Debug|Any CPU
		Release|Any CPU = Release|Any CPU
	EndGlobalSection
	GlobalSection(ProjectConfigurationPlatforms) = postSolution
		{641FD652-66C8-45C9-BF13-581F29BE577E}.Debug|Any CPU.ActiveCfg = Debug|Any CPU
		{641FD652-66C8-45C9-BF13-581F29BE577E}.Debug|Any CPU.Build.0 = Debug|Any CPU
		{641FD652-66C8-45C9-BF13-581F29BE577E}.Release|Any CPU.ActiveCfg = Release|Any CPU
		{641FD652-66C8-45C9-BF13-581F29BE577E}.Release|Any CPU.Build.0 = Release|Any CPU
	EndGlobalSection
	GlobalSection(SolutionProperties) = preSolution
		HideSolutionNode = FALSE
	EndGlobalSection
	GlobalSection(ExtensibilityGlobals) = postSolution
		SolutionGuid = {3E472279-06B3-4E52-8FD6-B403EC68EA86}
	EndGlobalSection
EndGlobal
